
Microsoft Visual Studio Solution File, Format Version 12.00
# Visual Studio Version 16
VisualStudioVersion = 16.0.32510.428
MinimumVisualStudioVersion = 10.0.40219.1
Project("{FAE04EC0-301F-11D3-BF4B-00C04F79EFBC}") = "PortfolioAbelCoreMvc", "PortfolioAbelCoreMvc.csproj", "{8D10EED1-B463-4A4F-8DB6-18AC9FD44CB5}"
EndProject
Global
	GlobalSection(SolutionConfigurationPlatforms) = preSolution
		Debug|Any CPU = Debug|Any CPU
		Release|Any CPU = Release|Any CPU
	EndGlobalSection
	GlobalSection(ProjectConfigurationPlatforms) = postSolution
		{8D10EED1-B463-4A4F-8DB6-18AC9FD44CB5}.Debug|Any CPU.ActiveCfg = Debug|Any CPU
		{8D10EED1-B463-4A4F-8DB6-18AC9FD44CB5}.Debug|Any CPU.Build.0 = Debug|Any CPU
		{8D10EED1-B463-4A4F-8DB6-18AC9FD44CB5}.Release|Any CPU.ActiveCfg = Release|Any CPU
		{8D10EED1-B463-4A4F-8DB6-18AC9FD44CB5}.Release|Any CPU.Build.0 = Release|Any CPU
	EndGlobalSection
	GlobalSection(SolutionProperties) = preSolution
		HideSolutionNode = FALSE
	EndGlobalSection
	GlobalSection(ExtensibilityGlobals) = postSolution
		SolutionGuid = {7916BA6E-B732-4319-9201-B78A4CF9DF1D}
	EndGlobalSection
EndGlobal
